
Microsoft Visual Studio Solution File, Format Version 12.00
# Visual Studio Version 17
VisualStudioVersion = 17.0.31903.59
MinimumVisualStudioVersion = 10.0.40219.1
Project("{2150E333-8FDC-42A3-9474-1A3956D46DE8}") = "src", "src", "{827E0CD3-B72D-47B6-A68D-7590B98EB39B}"
EndProject
Project("{2150E333-8FDC-42A3-9474-1A3956D46DE8}") = "Utilities", "Utilities", "{AB08B9A8-5735-C00D-10FA-B1C840F3028B}"
EndProject
Project("{FAE04EC0-301F-11D3-BF4B-00C04F79EFBC}") = "AQ.Utilities.Filter", "src\Utilities\Filter\AQ.Utilities.Filter.csproj", "{9D6B4729-680B-4D4B-BC28-1C3E4D5AAE86}"
EndProject
Project("{FAE04EC0-301F-11D3-BF4B-00C04F79EFBC}") = "AQ.Utilities.Search", "src\Utilities\Search\AQ.Utilities.Search.csproj", "{5BD20475-55AD-4112-9BE8-E3D67149A834}"
EndProject
Project("{FAE04EC0-301F-11D3-BF4B-00C04F79EFBC}") = "AQ.Utilities.Sort", "src\Utilities\Sort\AQ.Utilities.Sort.csproj", "{11436B20-0455-4DB2-826C-77097E30935C}"
EndProject
Project("{FAE04EC0-301F-11D3-BF4B-00C04F79EFBC}") = "AQ.Utilities.Results", "src\Utilities\Results\AQ.Utilities.Results.csproj", "{39E33465-6F9E-44A9-B441-895D3817872D}"
EndProject
Project("{2150E333-8FDC-42A3-9474-1A3956D46DE8}") = "Events", "Events", "{F8429904-7E2C-C2A1-B646-27B8C804A29C}"
EndProject
Project("{FAE04EC0-301F-11D3-BF4B-00C04F79EFBC}") = "AQ.Events.Domain", "src\Events\Domain\AQ.Events.Domain.csproj", "{35CA927B-12E3-45D6-860A-354384B15E0B}"
EndProject
Project("{FAE04EC0-301F-11D3-BF4B-00C04F79EFBC}") = "AQ.Events.Integration", "src\Events\Integration\AQ.Events.Integration.csproj", "{1247DE58-8675-4888-8838-1DC13FDA1683}"
EndProject
Project("{FAE04EC0-301F-11D3-BF4B-00C04F79EFBC}") = "AQ.ValueObjects", "src\ValueObjects\AQ.ValueObjects.csproj", "{7DE654D5-2397-407F-8041-079F2ED091EF}"
EndProject
Project("{2150E333-8FDC-42A3-9474-1A3956D46DE8}") = "CleanArchitecture", "CleanArchitecture", "{79378B7B-74A7-A31E-CABE-8DCD396E35F0}"
EndProject
Project("{FAE04EC0-301F-11D3-BF4B-00C04F79EFBC}") = "AQ.Application", "src\CleanArchitecture\Application\AQ.Application.csproj", "{5F58204D-127B-4766-9C60-90B9DE6D236F}"
EndProject
Project("{FAE04EC0-301F-11D3-BF4B-00C04F79EFBC}") = "AQ.Domain", "src\CleanArchitecture\Domain\AQ.Domain.csproj", "{35BC4F39-43EE-49D9-A0E4-2FC2B8C9891E}"
EndProject
Project("{FAE04EC0-301F-11D3-BF4B-00C04F79EFBC}") = "AQ.Domain.StateMachine", "src\CleanArchitecture\Domain.StateMachine\AQ.Domain.StateMachine.csproj", "{78915B25-6FF5-ECEB-99E1-803EB45695F1}"
EndProject
Global
	GlobalSection(SolutionConfigurationPlatforms) = preSolution
		Debug|Any CPU = Debug|Any CPU
		Debug|x64 = Debug|x64
		Debug|x86 = Debug|x86
		Release|Any CPU = Release|Any CPU
		Release|x64 = Release|x64
		Release|x86 = Release|x86
	EndGlobalSection
	GlobalSection(ProjectConfigurationPlatforms) = postSolution
		{9D6B4729-680B-4D4B-BC28-1C3E4D5AAE86}.Debug|Any CPU.ActiveCfg = Debug|Any CPU
		{9D6B4729-680B-4D4B-BC28-1C3E4D5AAE86}.Debug|Any CPU.Build.0 = Debug|Any CPU
		{9D6B4729-680B-4D4B-BC28-1C3E4D5AAE86}.Debug|x64.ActiveCfg = Debug|Any CPU
		{9D6B4729-680B-4D4B-BC28-1C3E4D5AAE86}.Debug|x64.Build.0 = Debug|Any CPU
		{9D6B4729-680B-4D4B-BC28-1C3E4D5AAE86}.Debug|x86.ActiveCfg = Debug|Any CPU
		{9D6B4729-680B-4D4B-BC28-1C3E4D5AAE86}.Debug|x86.Build.0 = Debug|Any CPU
		{9D6B4729-680B-4D4B-BC28-1C3E4D5AAE86}.Release|Any CPU.ActiveCfg = Release|Any CPU
		{9D6B4729-680B-4D4B-BC28-1C3E4D5AAE86}.Release|Any CPU.Build.0 = Release|Any CPU
		{9D6B4729-680B-4D4B-BC28-1C3E4D5AAE86}.Release|x64.ActiveCfg = Release|Any CPU
		{9D6B4729-680B-4D4B-BC28-1C3E4D5AAE86}.Release|x64.Build.0 = Release|Any CPU
		{9D6B4729-680B-4D4B-BC28-1C3E4D5AAE86}.Release|x86.ActiveCfg = Release|Any CPU
		{9D6B4729-680B-4D4B-BC28-1C3E4D5AAE86}.Release|x86.Build.0 = Release|Any CPU
		{5BD20475-55AD-4112-9BE8-E3D67149A834}.Debug|Any CPU.ActiveCfg = Debug|Any CPU
		{5BD20475-55AD-4112-9BE8-E3D67149A834}.Debug|Any CPU.Build.0 = Debug|Any CPU
		{5BD20475-55AD-4112-9BE8-E3D67149A834}.Debug|x64.ActiveCfg = Debug|Any CPU
		{5BD20475-55AD-4112-9BE8-E3D67149A834}.Debug|x64.Build.0 = Debug|Any CPU
		{5BD20475-55AD-4112-9BE8-E3D67149A834}.Debug|x86.ActiveCfg = Debug|Any CPU
		{5BD20475-55AD-4112-9BE8-E3D67149A834}.Debug|x86.Build.0 = Debug|Any CPU
		{5BD20475-55AD-4112-9BE8-E3D67149A834}.Release|Any CPU.ActiveCfg = Release|Any CPU
		{5BD20475-55AD-4112-9BE8-E3D67149A834}.Release|Any CPU.Build.0 = Release|Any CPU
		{5BD20475-55AD-4112-9BE8-E3D67149A834}.Release|x64.ActiveCfg = Release|Any CPU
		{5BD20475-55AD-4112-9BE8-E3D67149A834}.Release|x64.Build.0 = Release|Any CPU
		{5BD20475-55AD-4112-9BE8-E3D67149A834}.Release|x86.ActiveCfg = Release|Any CPU
		{5BD20475-55AD-4112-9BE8-E3D67149A834}.Release|x86.Build.0 = Release|Any CPU
		{11436B20-0455-4DB2-826C-77097E30935C}.Debug|Any CPU.ActiveCfg = Debug|Any CPU
		{11436B20-0455-4DB2-826C-77097E30935C}.Debug|Any CPU.Build.0 = Debug|Any CPU
		{11436B20-0455-4DB2-826C-77097E30935C}.Debug|x64.ActiveCfg = Debug|Any CPU
		{11436B20-0455-4DB2-826C-77097E30935C}.Debug|x64.Build.0 = Debug|Any CPU
		{11436B20-0455-4DB2-826C-77097E30935C}.Debug|x86.ActiveCfg = Debug|Any CPU
		{11436B20-0455-4DB2-826C-77097E30935C}.Debug|x86.Build.0 = Debug|Any CPU
		{11436B20-0455-4DB2-826C-77097E30935C}.Release|Any CPU.ActiveCfg = Release|Any CPU
		{11436B20-0455-4DB2-826C-77097E30935C}.Release|Any CPU.Build.0 = Release|Any CPU
		{11436B20-0455-4DB2-826C-77097E30935C}.Release|x64.ActiveCfg = Release|Any CPU
		{11436B20-0455-4DB2-826C-77097E30935C}.Release|x64.Build.0 = Release|Any CPU
		{11436B20-0455-4DB2-826C-77097E30935C}.Release|x86.ActiveCfg = Release|Any CPU
		{11436B20-0455-4DB2-826C-77097E30935C}.Release|x86.Build.0 = Release|Any CPU
		{39E33465-6F9E-44A9-B441-895D3817872D}.Debug|Any CPU.ActiveCfg = Debug|Any CPU
		{39E33465-6F9E-44A9-B441-895D3817872D}.Debug|Any CPU.Build.0 = Debug|Any CPU
		{39E33465-6F9E-44A9-B441-895D3817872D}.Debug|x64.ActiveCfg = Debug|Any CPU
		{39E33465-6F9E-44A9-B441-895D3817872D}.Debug|x64.Build.0 = Debug|Any CPU
		{39E33465-6F9E-44A9-B441-895D3817872D}.Debug|x86.ActiveCfg = Debug|Any CPU
		{39E33465-6F9E-44A9-B441-895D3817872D}.Debug|x86.Build.0 = Debug|Any CPU
		{39E33465-6F9E-44A9-B441-895D3817872D}.Release|Any CPU.ActiveCfg = Release|Any CPU
		{39E33465-6F9E-44A9-B441-895D3817872D}.Release|Any CPU.Build.0 = Release|Any CPU
		{39E33465-6F9E-44A9-B441-895D3817872D}.Release|x64.ActiveCfg = Release|Any CPU
		{39E33465-6F9E-44A9-B441-895D3817872D}.Release|x64.Build.0 = Release|Any CPU
		{39E33465-6F9E-44A9-B441-895D3817872D}.Release|x86.ActiveCfg = Release|Any CPU
		{39E33465-6F9E-44A9-B441-895D3817872D}.Release|x86.Build.0 = Release|Any CPU
		{35CA927B-12E3-45D6-860A-354384B15E0B}.Debug|Any CPU.ActiveCfg = Debug|Any CPU
		{35CA927B-12E3-45D6-860A-354384B15E0B}.Debug|Any CPU.Build.0 = Debug|Any CPU
		{35CA927B-12E3-45D6-860A-354384B15E0B}.Debug|x64.ActiveCfg = Debug|Any CPU
		{35CA927B-12E3-45D6-860A-354384B15E0B}.Debug|x64.Build.0 = Debug|Any CPU
		{35CA927B-12E3-45D6-860A-354384B15E0B}.Debug|x86.ActiveCfg = Debug|Any CPU
		{35CA927B-12E3-45D6-860A-354384B15E0B}.Debug|x86.Build.0 = Debug|Any CPU
		{35CA927B-12E3-45D6-860A-354384B15E0B}.Release|Any CPU.ActiveCfg = Release|Any CPU
		{35CA927B-12E3-45D6-860A-354384B15E0B}.Release|Any CPU.Build.0 = Release|Any CPU
		{35CA927B-12E3-45D6-860A-354384B15E0B}.Release|x64.ActiveCfg = Release|Any CPU
		{35CA927B-12E3-45D6-860A-354384B15E0B}.Release|x64.Build.0 = Release|Any CPU
		{35CA927B-12E3-45D6-860A-354384B15E0B}.Release|x86.ActiveCfg = Release|Any CPU
		{35CA927B-12E3-45D6-860A-354384B15E0B}.Release|x86.Build.0 = Release|Any CPU
		{1247DE58-8675-4888-8838-1DC13FDA1683}.Debug|Any CPU.ActiveCfg = Debug|Any CPU
		{1247DE58-8675-4888-8838-1DC13FDA1683}.Debug|Any CPU.Build.0 = Debug|Any CPU
		{1247DE58-8675-4888-8838-1DC13FDA1683}.Debug|x64.ActiveCfg = Debug|Any CPU
		{1247DE58-8675-4888-8838-1DC13FDA1683}.Debug|x64.Build.0 = Debug|Any CPU
		{1247DE58-8675-4888-8838-1DC13FDA1683}.Debug|x86.ActiveCfg = Debug|Any CPU
		{1247DE58-8675-4888-8838-1DC13FDA1683}.Debug|x86.Build.0 = Debug|Any CPU
		{1247DE58-8675-4888-8838-1DC13FDA1683}.Release|Any CPU.ActiveCfg = Release|Any CPU
		{1247DE58-8675-4888-8838-1DC13FDA1683}.Release|Any CPU.Build.0 = Release|Any CPU
		{1247DE58-8675-4888-8838-1DC13FDA1683}.Release|x64.ActiveCfg = Release|Any CPU
		{1247DE58-8675-4888-8838-1DC13FDA1683}.Release|x64.Build.0 = Release|Any CPU
		{1247DE58-8675-4888-8838-1DC13FDA1683}.Release|x86.ActiveCfg = Release|Any CPU
		{1247DE58-8675-4888-8838-1DC13FDA1683}.Release|x86.Build.0 = Release|Any CPU
		{7DE654D5-2397-407F-8041-079F2ED091EF}.Debug|Any CPU.ActiveCfg = Debug|Any CPU
		{7DE654D5-2397-407F-8041-079F2ED091EF}.Debug|Any CPU.Build.0 = Debug|Any CPU
		{7DE654D5-2397-407F-8041-079F2ED091EF}.Debug|x64.ActiveCfg = Debug|Any CPU
		{7DE654D5-2397-407F-8041-079F2ED091EF}.Debug|x64.Build.0 = Debug|Any CPU
		{7DE654D5-2397-407F-8041-079F2ED091EF}.Debug|x86.ActiveCfg = Debug|Any CPU
		{7DE654D5-2397-407F-8041-079F2ED091EF}.Debug|x86.Build.0 = Debug|Any CPU
		{7DE654D5-2397-407F-8041-079F2ED091EF}.Release|Any CPU.ActiveCfg = Release|Any CPU
		{7DE654D5-2397-407F-8041-079F2ED091EF}.Release|Any CPU.Build.0 = Release|Any CPU
		{7DE654D5-2397-407F-8041-079F2ED091EF}.Release|x64.ActiveCfg = Release|Any CPU
		{7DE654D5-2397-407F-8041-079F2ED091EF}.Release|x64.Build.0 = Release|Any CPU
		{7DE654D5-2397-407F-8041-079F2ED091EF}.Release|x86.ActiveCfg = Release|Any CPU
		{7DE654D5-2397-407F-8041-079F2ED091EF}.Release|x86.Build.0 = Release|Any CPU
		{5F58204D-127B-4766-9C60-90B9DE6D236F}.Debug|Any CPU.ActiveCfg = Debug|Any CPU
		{5F58204D-127B-4766-9C60-90B9DE6D236F}.Debug|Any CPU.Build.0 = Debug|Any CPU
		{5F58204D-127B-4766-9C60-90B9DE6D236F}.Debug|x64.ActiveCfg = Debug|Any CPU
		{5F58204D-127B-4766-9C60-90B9DE6D236F}.Debug|x64.Build.0 = Debug|Any CPU
		{5F58204D-127B-4766-9C60-90B9DE6D236F}.Debug|x86.ActiveCfg = Debug|Any CPU
		{5F58204D-127B-4766-9C60-90B9DE6D236F}.Debug|x86.Build.0 = Debug|Any CPU
		{5F58204D-127B-4766-9C60-90B9DE6D236F}.Release|Any CPU.ActiveCfg = Release|Any CPU
		{5F58204D-127B-4766-9C60-90B9DE6D236F}.Release|Any CPU.Build.0 = Release|Any CPU
		{5F58204D-127B-4766-9C60-90B9DE6D236F}.Release|x64.ActiveCfg = Release|Any CPU
		{5F58204D-127B-4766-9C60-90B9DE6D236F}.Release|x64.Build.0 = Release|Any CPU
		{5F58204D-127B-4766-9C60-90B9DE6D236F}.Release|x86.ActiveCfg = Release|Any CPU
		{5F58204D-127B-4766-9C60-90B9DE6D236F}.Release|x86.Build.0 = Release|Any CPU
		{35BC4F39-43EE-49D9-A0E4-2FC2B8C9891E}.Debug|Any CPU.ActiveCfg = Debug|Any CPU
		{35BC4F39-43EE-49D9-A0E4-2FC2B8C9891E}.Debug|Any CPU.Build.0 = Debug|Any CPU
		{35BC4F39-43EE-49D9-A0E4-2FC2B8C9891E}.Debug|x64.ActiveCfg = Debug|Any CPU
		{35BC4F39-43EE-49D9-A0E4-2FC2B8C9891E}.Debug|x64.Build.0 = Debug|Any CPU
		{35BC4F39-43EE-49D9-A0E4-2FC2B8C9891E}.Debug|x86.ActiveCfg = Debug|Any CPU
		{35BC4F39-43EE-49D9-A0E4-2FC2B8C9891E}.Debug|x86.Build.0 = Debug|Any CPU
		{35BC4F39-43EE-49D9-A0E4-2FC2B8C9891E}.Release|Any CPU.ActiveCfg = Release|Any CPU
		{35BC4F39-43EE-49D9-A0E4-2FC2B8C9891E}.Release|Any CPU.Build.0 = Release|Any CPU
		{35BC4F39-43EE-49D9-A0E4-2FC2B8C9891E}.Release|x64.ActiveCfg = Release|Any CPU
		{35BC4F39-43EE-49D9-A0E4-2FC2B8C9891E}.Release|x64.Build.0 = Release|Any CPU
		{35BC4F39-43EE-49D9-A0E4-2FC2B8C9891E}.Release|x86.ActiveCfg = Release|Any CPU
		{35BC4F39-43EE-49D9-A0E4-2FC2B8C9891E}.Release|x86.Build.0 = Release|Any CPU
		{78915B25-6FF5-ECEB-99E1-803EB45695F1}.Debug|Any CPU.ActiveCfg = Debug|Any CPU
		{78915B25-6FF5-ECEB-99E1-803EB45695F1}.Debug|Any CPU.Build.0 = Debug|Any CPU
		{78915B25-6FF5-ECEB-99E1-803EB45695F1}.Debug|x64.ActiveCfg = Debug|Any CPU
		{78915B25-6FF5-ECEB-99E1-803EB45695F1}.Debug|x64.Build.0 = Debug|Any CPU
		{78915B25-6FF5-ECEB-99E1-803EB45695F1}.Debug|x86.ActiveCfg = Debug|Any CPU
		{78915B25-6FF5-ECEB-99E1-803EB45695F1}.Debug|x86.Build.0 = Debug|Any CPU
		{78915B25-6FF5-ECEB-99E1-803EB45695F1}.Release|Any CPU.ActiveCfg = Release|Any CPU
		{78915B25-6FF5-ECEB-99E1-803EB45695F1}.Release|Any CPU.Build.0 = Release|Any CPU
		{78915B25-6FF5-ECEB-99E1-803EB45695F1}.Release|x64.ActiveCfg = Release|Any CPU
		{78915B25-6FF5-ECEB-99E1-803EB45695F1}.Release|x64.Build.0 = Release|Any CPU
		{78915B25-6FF5-ECEB-99E1-803EB45695F1}.Release|x86.ActiveCfg = Release|Any CPU
		{78915B25-6FF5-ECEB-99E1-803EB45695F1}.Release|x86.Build.0 = Release|Any CPU
	EndGlobalSection
	GlobalSection(SolutionProperties) = preSolution
		HideSolutionNode = FALSE
	EndGlobalSection
	GlobalSection(NestedProjects) = preSolution
		{AB08B9A8-5735-C00D-10FA-B1C840F3028B} = {827E0CD3-B72D-47B6-A68D-7590B98EB39B}
		{9D6B4729-680B-4D4B-BC28-1C3E4D5AAE86} = {AB08B9A8-5735-C00D-10FA-B1C840F3028B}
		{5BD20475-55AD-4112-9BE8-E3D67149A834} = {AB08B9A8-5735-C00D-10FA-B1C840F3028B}
		{11436B20-0455-4DB2-826C-77097E30935C} = {AB08B9A8-5735-C00D-10FA-B1C840F3028B}
		{39E33465-6F9E-44A9-B441-895D3817872D} = {AB08B9A8-5735-C00D-10FA-B1C840F3028B}
		{F8429904-7E2C-C2A1-B646-27B8C804A29C} = {827E0CD3-B72D-47B6-A68D-7590B98EB39B}
		{35CA927B-12E3-45D6-860A-354384B15E0B} = {F8429904-7E2C-C2A1-B646-27B8C804A29C}
		{1247DE58-8675-4888-8838-1DC13FDA1683} = {F8429904-7E2C-C2A1-B646-27B8C804A29C}
		{7DE654D5-2397-407F-8041-079F2ED091EF} = {827E0CD3-B72D-47B6-A68D-7590B98EB39B}
		{79378B7B-74A7-A31E-CABE-8DCD396E35F0} = {827E0CD3-B72D-47B6-A68D-7590B98EB39B}
		{5F58204D-127B-4766-9C60-90B9DE6D236F} = {79378B7B-74A7-A31E-CABE-8DCD396E35F0}
		{35BC4F39-43EE-49D9-A0E4-2FC2B8C9891E} = {79378B7B-74A7-A31E-CABE-8DCD396E35F0}
		{78915B25-6FF5-ECEB-99E1-803EB45695F1} = {79378B7B-74A7-A31E-CABE-8DCD396E35F0}
	EndGlobalSection
	GlobalSection(ExtensibilityGlobals) = postSolution
		SolutionGuid = {14698409-0175-4F2F-BBE4-E4A3FAA8DE62}
	EndGlobalSection
EndGlobal
