
Microsoft Visual Studio Solution File, Format Version 12.00
# Visual Studio Version 17
VisualStudioVersion = 17.0.31903.59
MinimumVisualStudioVersion = 10.0.40219.1
Project("{2150E333-8FDC-42A3-9474-1A3956D46DE8}") = "src", "src", "{827E0CD3-B72D-47B6-A68D-7590B98EB39B}"
EndProject
Project("{2150E333-8FDC-42A3-9474-1A3956D46DE8}") = "Utilities", "Utilities", "{AB08B9A8-5735-C00D-10FA-B1C840F3028B}"
EndProject
Project("{FAE04EC0-301F-11D3-BF4B-00C04F79EFBC}") = "AQ.Utilities.Filter", "src\Utilities\Filter\AQ.Utilities.Filter.csproj", "{9D6B4729-680B-4D4B-BC28-1C3E4D5AAE86}"
EndProject
Project("{FAE04EC0-301F-11D3-BF4B-00C04F79EFBC}") = "AQ.Utilities.Search", "src\Utilities\Search\AQ.Utilities.Search.csproj", "{5BD20475-55AD-4112-9BE8-E3D67149A834}"
EndProject
Project("{FAE04EC0-301F-11D3-BF4B-00C04F79EFBC}") = "AQ.Utilities.Sort", "src\Utilities\Sort\AQ.Utilities.Sort.csproj", "{11436B20-0455-4DB2-826C-77097E30935C}"
EndProject
Project("{FAE04EC0-301F-11D3-BF4B-00C04F79EFBC}") = "AQ.Utilities.Results", "src\Utilities\Results\AQ.Utilities.Results.csproj", "{39E33465-6F9E-44A9-B441-895D3817872D}"
EndProject
Project("{2150E333-8FDC-42A3-9474-1A3956D46DE8}") = "Events", "Events", "{F8429904-7E2C-C2A1-B646-27B8C804A29C}"
EndProject
Project("{FAE04EC0-301F-11D3-BF4B-00C04F79EFBC}") = "AQ.Events.Domain", "src\Events\Domain\AQ.Events.Domain.csproj", "{35CA927B-12E3-45D6-860A-354384B15E0B}"
EndProject
Project("{FAE04EC0-301F-11D3-BF4B-00C04F79EFBC}") = "AQ.Events.Integration", "src\Events\Integration\AQ.Events.Integration.csproj", "{1247DE58-8675-4888-8838-1DC13FDA1683}"
EndProject
Project("{FAE04EC0-301F-11D3-BF4B-00C04F79EFBC}") = "AQ.ValueObjects", "src\ValueObjects\AQ.ValueObjects.csproj", "{7DE654D5-2397-407F-8041-079F2ED091EF}"
EndProject
Project("{FAE04EC0-301F-11D3-BF4B-00C04F79EFBC}") = "AQ.Abstractions", "src\Abstractions\AQ.Abstractions.csproj", "{03FEB81B-2F8C-4FB7-AC16-041E18F74281}"
EndProject
Project("{FAE04EC0-301F-11D3-BF4B-00C04F79EFBC}") = "AQ.CQRS", "src\CQRS\AQ.CQRS.csproj", "{8DE0A021-1B66-4171-8E22-9750CAF23D53}"
EndProject
Project("{FAE04EC0-301F-11D3-BF4B-00C04F79EFBC}") = "AQ.Entities", "src\Entities\AQ.Entities.csproj", "{8D3F99A9-5963-4D1E-BD51-0362F08AAA2F}"
EndProject
Project("{FAE04EC0-301F-11D3-BF4B-00C04F79EFBC}") = "AQ.StateMachine.Entities", "src\StateMachine\Entities\AQ.StateMachine.Entities.csproj", "{9FB8EA93-F08F-4460-A2D9-D2EDFB510740}"
EndProject
Project("{FAE04EC0-301F-11D3-BF4B-00C04F79EFBC}") = "AQ.StateMachine.Services", "src\StateMachine\Services\AQ.StateMachine.Services.csproj", "{9F1EC6BE-4E53-4825-8C9B-767F8655F9D9}"
EndProject
Project("{2150E333-8FDC-42A3-9474-1A3956D46DE8}") = "StateMachine", "StateMachine", "{02EA681E-C7D8-13C7-8484-4AC65E1B71E8}"
EndProject
Project("{FAE04EC0-301F-11D3-BF4B-00C04F79EFBC}") = "AQ.Events.Dispatchers", "src\Events\Dispatchers\AQ.Events.Dispatchers.csproj", "{61C94BE4-BA4A-4B43-A346-3B7B44FED148}"
EndProject
Project("{2150E333-8FDC-42A3-9474-1A3956D46DE8}") = "tests", "tests", "{A3B8C2D4-E5F6-7890-1234-567890ABCDEF}"
EndProject
Project("{2150E333-8FDC-42A3-9474-1A3956D46DE8}") = "StateMachine", "StateMachine", "{40FA99B2-F785-A90F-3E33-903B59687700}"
EndProject
Project("{FAE04EC0-301F-11D3-BF4B-00C04F79EFBC}") = "AQ.StateMachine.Services.Tests", "tests\StateMachine\Services\AQ.StateMachine.Services.Tests.csproj", "{192F2642-9543-0C83-E0FF-16CB5BBFCF67}"
EndProject
Project("{2150E333-8FDC-42A3-9474-1A3956D46DE8}") = "Outbox", "Outbox", "{56EB6703-3A04-4EE6-902A-26D621CB469F}"
EndProject
Project("{FAE04EC0-301F-11D3-BF4B-00C04F79EFBC}") = "AQ.Events.Outbox", "src\Events\Outbox\AQ.Events.Outbox.csproj", "{E5CF60FE-2636-479A-B97E-8503FF287F0A}"
EndProject
Global
	GlobalSection(SolutionConfigurationPlatforms) = preSolution
		Debug|Any CPU = Debug|Any CPU
		Debug|x64 = Debug|x64
		Debug|x86 = Debug|x86
		Release|Any CPU = Release|Any CPU
		Release|x64 = Release|x64
		Release|x86 = Release|x86
	EndGlobalSection
	GlobalSection(ProjectConfigurationPlatforms) = postSolution
		{9D6B4729-680B-4D4B-BC28-1C3E4D5AAE86}.Debug|Any CPU.ActiveCfg = Debug|Any CPU
		{9D6B4729-680B-4D4B-BC28-1C3E4D5AAE86}.Debug|Any CPU.Build.0 = Debug|Any CPU
		{9D6B4729-680B-4D4B-BC28-1C3E4D5AAE86}.Debug|x64.ActiveCfg = Debug|Any CPU
		{9D6B4729-680B-4D4B-BC28-1C3E4D5AAE86}.Debug|x64.Build.0 = Debug|Any CPU
		{9D6B4729-680B-4D4B-BC28-1C3E4D5AAE86}.Debug|x86.ActiveCfg = Debug|Any CPU
		{9D6B4729-680B-4D4B-BC28-1C3E4D5AAE86}.Debug|x86.Build.0 = Debug|Any CPU
		{9D6B4729-680B-4D4B-BC28-1C3E4D5AAE86}.Release|Any CPU.ActiveCfg = Release|Any CPU
		{9D6B4729-680B-4D4B-BC28-1C3E4D5AAE86}.Release|Any CPU.Build.0 = Release|Any CPU
		{9D6B4729-680B-4D4B-BC28-1C3E4D5AAE86}.Release|x64.ActiveCfg = Release|Any CPU
		{9D6B4729-680B-4D4B-BC28-1C3E4D5AAE86}.Release|x64.Build.0 = Release|Any CPU
		{9D6B4729-680B-4D4B-BC28-1C3E4D5AAE86}.Release|x86.ActiveCfg = Release|Any CPU
		{9D6B4729-680B-4D4B-BC28-1C3E4D5AAE86}.Release|x86.Build.0 = Release|Any CPU
		{5BD20475-55AD-4112-9BE8-E3D67149A834}.Debug|Any CPU.ActiveCfg = Debug|Any CPU
		{5BD20475-55AD-4112-9BE8-E3D67149A834}.Debug|Any CPU.Build.0 = Debug|Any CPU
		{5BD20475-55AD-4112-9BE8-E3D67149A834}.Debug|x64.ActiveCfg = Debug|Any CPU
		{5BD20475-55AD-4112-9BE8-E3D67149A834}.Debug|x64.Build.0 = Debug|Any CPU
		{5BD20475-55AD-4112-9BE8-E3D67149A834}.Debug|x86.ActiveCfg = Debug|Any CPU
		{5BD20475-55AD-4112-9BE8-E3D67149A834}.Debug|x86.Build.0 = Debug|Any CPU
		{5BD20475-55AD-4112-9BE8-E3D67149A834}.Release|Any CPU.ActiveCfg = Release|Any CPU
		{5BD20475-55AD-4112-9BE8-E3D67149A834}.Release|Any CPU.Build.0 = Release|Any CPU
		{5BD20475-55AD-4112-9BE8-E3D67149A834}.Release|x64.ActiveCfg = Release|Any CPU
		{5BD20475-55AD-4112-9BE8-E3D67149A834}.Release|x64.Build.0 = Release|Any CPU
		{5BD20475-55AD-4112-9BE8-E3D67149A834}.Release|x86.ActiveCfg = Release|Any CPU
		{5BD20475-55AD-4112-9BE8-E3D67149A834}.Release|x86.Build.0 = Release|Any CPU
		{11436B20-0455-4DB2-826C-77097E30935C}.Debug|Any CPU.ActiveCfg = Debug|Any CPU
		{11436B20-0455-4DB2-826C-77097E30935C}.Debug|Any CPU.Build.0 = Debug|Any CPU
		{11436B20-0455-4DB2-826C-77097E30935C}.Debug|x64.ActiveCfg = Debug|Any CPU
		{11436B20-0455-4DB2-826C-77097E30935C}.Debug|x64.Build.0 = Debug|Any CPU
		{11436B20-0455-4DB2-826C-77097E30935C}.Debug|x86.ActiveCfg = Debug|Any CPU
		{11436B20-0455-4DB2-826C-77097E30935C}.Debug|x86.Build.0 = Debug|Any CPU
		{11436B20-0455-4DB2-826C-77097E30935C}.Release|Any CPU.ActiveCfg = Release|Any CPU
		{11436B20-0455-4DB2-826C-77097E30935C}.Release|Any CPU.Build.0 = Release|Any CPU
		{11436B20-0455-4DB2-826C-77097E30935C}.Release|x64.ActiveCfg = Release|Any CPU
		{11436B20-0455-4DB2-826C-77097E30935C}.Release|x64.Build.0 = Release|Any CPU
		{11436B20-0455-4DB2-826C-77097E30935C}.Release|x86.ActiveCfg = Release|Any CPU
		{11436B20-0455-4DB2-826C-77097E30935C}.Release|x86.Build.0 = Release|Any CPU
		{39E33465-6F9E-44A9-B441-895D3817872D}.Debug|Any CPU.ActiveCfg = Debug|Any CPU
		{39E33465-6F9E-44A9-B441-895D3817872D}.Debug|Any CPU.Build.0 = Debug|Any CPU
		{39E33465-6F9E-44A9-B441-895D3817872D}.Debug|x64.ActiveCfg = Debug|Any CPU
		{39E33465-6F9E-44A9-B441-895D3817872D}.Debug|x64.Build.0 = Debug|Any CPU
		{39E33465-6F9E-44A9-B441-895D3817872D}.Debug|x86.ActiveCfg = Debug|Any CPU
		{39E33465-6F9E-44A9-B441-895D3817872D}.Debug|x86.Build.0 = Debug|Any CPU
		{39E33465-6F9E-44A9-B441-895D3817872D}.Release|Any CPU.ActiveCfg = Release|Any CPU
		{39E33465-6F9E-44A9-B441-895D3817872D}.Release|Any CPU.Build.0 = Release|Any CPU
		{39E33465-6F9E-44A9-B441-895D3817872D}.Release|x64.ActiveCfg = Release|Any CPU
		{39E33465-6F9E-44A9-B441-895D3817872D}.Release|x64.Build.0 = Release|Any CPU
		{39E33465-6F9E-44A9-B441-895D3817872D}.Release|x86.ActiveCfg = Release|Any CPU
		{39E33465-6F9E-44A9-B441-895D3817872D}.Release|x86.Build.0 = Release|Any CPU
		{35CA927B-12E3-45D6-860A-354384B15E0B}.Debug|Any CPU.ActiveCfg = Debug|Any CPU
		{35CA927B-12E3-45D6-860A-354384B15E0B}.Debug|Any CPU.Build.0 = Debug|Any CPU
		{35CA927B-12E3-45D6-860A-354384B15E0B}.Debug|x64.ActiveCfg = Debug|Any CPU
		{35CA927B-12E3-45D6-860A-354384B15E0B}.Debug|x64.Build.0 = Debug|Any CPU
		{35CA927B-12E3-45D6-860A-354384B15E0B}.Debug|x86.ActiveCfg = Debug|Any CPU
		{35CA927B-12E3-45D6-860A-354384B15E0B}.Debug|x86.Build.0 = Debug|Any CPU
		{35CA927B-12E3-45D6-860A-354384B15E0B}.Release|Any CPU.ActiveCfg = Release|Any CPU
		{35CA927B-12E3-45D6-860A-354384B15E0B}.Release|Any CPU.Build.0 = Release|Any CPU
		{35CA927B-12E3-45D6-860A-354384B15E0B}.Release|x64.ActiveCfg = Release|Any CPU
		{35CA927B-12E3-45D6-860A-354384B15E0B}.Release|x64.Build.0 = Release|Any CPU
		{35CA927B-12E3-45D6-860A-354384B15E0B}.Release|x86.ActiveCfg = Release|Any CPU
		{35CA927B-12E3-45D6-860A-354384B15E0B}.Release|x86.Build.0 = Release|Any CPU
		{1247DE58-8675-4888-8838-1DC13FDA1683}.Debug|Any CPU.ActiveCfg = Debug|Any CPU
		{1247DE58-8675-4888-8838-1DC13FDA1683}.Debug|Any CPU.Build.0 = Debug|Any CPU
		{1247DE58-8675-4888-8838-1DC13FDA1683}.Debug|x64.ActiveCfg = Debug|Any CPU
		{1247DE58-8675-4888-8838-1DC13FDA1683}.Debug|x64.Build.0 = Debug|Any CPU
		{1247DE58-8675-4888-8838-1DC13FDA1683}.Debug|x86.ActiveCfg = Debug|Any CPU
		{1247DE58-8675-4888-8838-1DC13FDA1683}.Debug|x86.Build.0 = Debug|Any CPU
		{1247DE58-8675-4888-8838-1DC13FDA1683}.Release|Any CPU.ActiveCfg = Release|Any CPU
		{1247DE58-8675-4888-8838-1DC13FDA1683}.Release|Any CPU.Build.0 = Release|Any CPU
		{1247DE58-8675-4888-8838-1DC13FDA1683}.Release|x64.ActiveCfg = Release|Any CPU
		{1247DE58-8675-4888-8838-1DC13FDA1683}.Release|x64.Build.0 = Release|Any CPU
		{1247DE58-8675-4888-8838-1DC13FDA1683}.Release|x86.ActiveCfg = Release|Any CPU
		{1247DE58-8675-4888-8838-1DC13FDA1683}.Release|x86.Build.0 = Release|Any CPU
		{7DE654D5-2397-407F-8041-079F2ED091EF}.Debug|Any CPU.ActiveCfg = Debug|Any CPU
		{7DE654D5-2397-407F-8041-079F2ED091EF}.Debug|Any CPU.Build.0 = Debug|Any CPU
		{7DE654D5-2397-407F-8041-079F2ED091EF}.Debug|x64.ActiveCfg = Debug|Any CPU
		{7DE654D5-2397-407F-8041-079F2ED091EF}.Debug|x64.Build.0 = Debug|Any CPU
		{7DE654D5-2397-407F-8041-079F2ED091EF}.Debug|x86.ActiveCfg = Debug|Any CPU
		{7DE654D5-2397-407F-8041-079F2ED091EF}.Debug|x86.Build.0 = Debug|Any CPU
		{7DE654D5-2397-407F-8041-079F2ED091EF}.Release|Any CPU.ActiveCfg = Release|Any CPU
		{7DE654D5-2397-407F-8041-079F2ED091EF}.Release|Any CPU.Build.0 = Release|Any CPU
		{7DE654D5-2397-407F-8041-079F2ED091EF}.Release|x64.ActiveCfg = Release|Any CPU
		{7DE654D5-2397-407F-8041-079F2ED091EF}.Release|x64.Build.0 = Release|Any CPU
		{7DE654D5-2397-407F-8041-079F2ED091EF}.Release|x86.ActiveCfg = Release|Any CPU
		{7DE654D5-2397-407F-8041-079F2ED091EF}.Release|x86.Build.0 = Release|Any CPU
		{03FEB81B-2F8C-4FB7-AC16-041E18F74281}.Debug|Any CPU.ActiveCfg = Debug|Any CPU
		{03FEB81B-2F8C-4FB7-AC16-041E18F74281}.Debug|Any CPU.Build.0 = Debug|Any CPU
		{03FEB81B-2F8C-4FB7-AC16-041E18F74281}.Debug|x64.ActiveCfg = Debug|Any CPU
		{03FEB81B-2F8C-4FB7-AC16-041E18F74281}.Debug|x64.Build.0 = Debug|Any CPU
		{03FEB81B-2F8C-4FB7-AC16-041E18F74281}.Debug|x86.ActiveCfg = Debug|Any CPU
		{03FEB81B-2F8C-4FB7-AC16-041E18F74281}.Debug|x86.Build.0 = Debug|Any CPU
		{03FEB81B-2F8C-4FB7-AC16-041E18F74281}.Release|Any CPU.ActiveCfg = Release|Any CPU
		{03FEB81B-2F8C-4FB7-AC16-041E18F74281}.Release|Any CPU.Build.0 = Release|Any CPU
		{03FEB81B-2F8C-4FB7-AC16-041E18F74281}.Release|x64.ActiveCfg = Release|Any CPU
		{03FEB81B-2F8C-4FB7-AC16-041E18F74281}.Release|x64.Build.0 = Release|Any CPU
		{03FEB81B-2F8C-4FB7-AC16-041E18F74281}.Release|x86.ActiveCfg = Release|Any CPU
		{03FEB81B-2F8C-4FB7-AC16-041E18F74281}.Release|x86.Build.0 = Release|Any CPU
		{8DE0A021-1B66-4171-8E22-9750CAF23D53}.Debug|Any CPU.ActiveCfg = Debug|Any CPU
		{8DE0A021-1B66-4171-8E22-9750CAF23D53}.Debug|Any CPU.Build.0 = Debug|Any CPU
		{8DE0A021-1B66-4171-8E22-9750CAF23D53}.Debug|x64.ActiveCfg = Debug|Any CPU
		{8DE0A021-1B66-4171-8E22-9750CAF23D53}.Debug|x64.Build.0 = Debug|Any CPU
		{8DE0A021-1B66-4171-8E22-9750CAF23D53}.Debug|x86.ActiveCfg = Debug|Any CPU
		{8DE0A021-1B66-4171-8E22-9750CAF23D53}.Debug|x86.Build.0 = Debug|Any CPU
		{8DE0A021-1B66-4171-8E22-9750CAF23D53}.Release|Any CPU.ActiveCfg = Release|Any CPU
		{8DE0A021-1B66-4171-8E22-9750CAF23D53}.Release|Any CPU.Build.0 = Release|Any CPU
		{8DE0A021-1B66-4171-8E22-9750CAF23D53}.Release|x64.ActiveCfg = Release|Any CPU
		{8DE0A021-1B66-4171-8E22-9750CAF23D53}.Release|x64.Build.0 = Release|Any CPU
		{8DE0A021-1B66-4171-8E22-9750CAF23D53}.Release|x86.ActiveCfg = Release|Any CPU
		{8DE0A021-1B66-4171-8E22-9750CAF23D53}.Release|x86.Build.0 = Release|Any CPU
		{8D3F99A9-5963-4D1E-BD51-0362F08AAA2F}.Debug|Any CPU.ActiveCfg = Debug|Any CPU
		{8D3F99A9-5963-4D1E-BD51-0362F08AAA2F}.Debug|Any CPU.Build.0 = Debug|Any CPU
		{8D3F99A9-5963-4D1E-BD51-0362F08AAA2F}.Debug|x64.ActiveCfg = Debug|Any CPU
		{8D3F99A9-5963-4D1E-BD51-0362F08AAA2F}.Debug|x64.Build.0 = Debug|Any CPU
		{8D3F99A9-5963-4D1E-BD51-0362F08AAA2F}.Debug|x86.ActiveCfg = Debug|Any CPU
		{8D3F99A9-5963-4D1E-BD51-0362F08AAA2F}.Debug|x86.Build.0 = Debug|Any CPU
		{8D3F99A9-5963-4D1E-BD51-0362F08AAA2F}.Release|Any CPU.ActiveCfg = Release|Any CPU
		{8D3F99A9-5963-4D1E-BD51-0362F08AAA2F}.Release|Any CPU.Build.0 = Release|Any CPU
		{8D3F99A9-5963-4D1E-BD51-0362F08AAA2F}.Release|x64.ActiveCfg = Release|Any CPU
		{8D3F99A9-5963-4D1E-BD51-0362F08AAA2F}.Release|x64.Build.0 = Release|Any CPU
		{8D3F99A9-5963-4D1E-BD51-0362F08AAA2F}.Release|x86.ActiveCfg = Release|Any CPU
		{8D3F99A9-5963-4D1E-BD51-0362F08AAA2F}.Release|x86.Build.0 = Release|Any CPU
		{9FB8EA93-F08F-4460-A2D9-D2EDFB510740}.Debug|Any CPU.ActiveCfg = Debug|Any CPU
		{9FB8EA93-F08F-4460-A2D9-D2EDFB510740}.Debug|Any CPU.Build.0 = Debug|Any CPU
		{9FB8EA93-F08F-4460-A2D9-D2EDFB510740}.Debug|x64.ActiveCfg = Debug|Any CPU
		{9FB8EA93-F08F-4460-A2D9-D2EDFB510740}.Debug|x64.Build.0 = Debug|Any CPU
		{9FB8EA93-F08F-4460-A2D9-D2EDFB510740}.Debug|x86.ActiveCfg = Debug|Any CPU
		{9FB8EA93-F08F-4460-A2D9-D2EDFB510740}.Debug|x86.Build.0 = Debug|Any CPU
		{9FB8EA93-F08F-4460-A2D9-D2EDFB510740}.Release|Any CPU.ActiveCfg = Release|Any CPU
		{9FB8EA93-F08F-4460-A2D9-D2EDFB510740}.Release|Any CPU.Build.0 = Release|Any CPU
		{9FB8EA93-F08F-4460-A2D9-D2EDFB510740}.Release|x64.ActiveCfg = Release|Any CPU
		{9FB8EA93-F08F-4460-A2D9-D2EDFB510740}.Release|x64.Build.0 = Release|Any CPU
		{9FB8EA93-F08F-4460-A2D9-D2EDFB510740}.Release|x86.ActiveCfg = Release|Any CPU
		{9FB8EA93-F08F-4460-A2D9-D2EDFB510740}.Release|x86.Build.0 = Release|Any CPU
		{9F1EC6BE-4E53-4825-8C9B-767F8655F9D9}.Debug|Any CPU.ActiveCfg = Debug|Any CPU
		{9F1EC6BE-4E53-4825-8C9B-767F8655F9D9}.Debug|Any CPU.Build.0 = Debug|Any CPU
		{9F1EC6BE-4E53-4825-8C9B-767F8655F9D9}.Debug|x64.ActiveCfg = Debug|Any CPU
		{9F1EC6BE-4E53-4825-8C9B-767F8655F9D9}.Debug|x64.Build.0 = Debug|Any CPU
		{9F1EC6BE-4E53-4825-8C9B-767F8655F9D9}.Debug|x86.ActiveCfg = Debug|Any CPU
		{9F1EC6BE-4E53-4825-8C9B-767F8655F9D9}.Debug|x86.Build.0 = Debug|Any CPU
		{9F1EC6BE-4E53-4825-8C9B-767F8655F9D9}.Release|Any CPU.ActiveCfg = Release|Any CPU
		{9F1EC6BE-4E53-4825-8C9B-767F8655F9D9}.Release|Any CPU.Build.0 = Release|Any CPU
		{9F1EC6BE-4E53-4825-8C9B-767F8655F9D9}.Release|x64.ActiveCfg = Release|Any CPU
		{9F1EC6BE-4E53-4825-8C9B-767F8655F9D9}.Release|x64.Build.0 = Release|Any CPU
		{9F1EC6BE-4E53-4825-8C9B-767F8655F9D9}.Release|x86.ActiveCfg = Release|Any CPU
		{9F1EC6BE-4E53-4825-8C9B-767F8655F9D9}.Release|x86.Build.0 = Release|Any CPU
		{61C94BE4-BA4A-4B43-A346-3B7B44FED148}.Debug|Any CPU.ActiveCfg = Debug|Any CPU
		{61C94BE4-BA4A-4B43-A346-3B7B44FED148}.Debug|Any CPU.Build.0 = Debug|Any CPU
		{61C94BE4-BA4A-4B43-A346-3B7B44FED148}.Debug|x64.ActiveCfg = Debug|Any CPU
		{61C94BE4-BA4A-4B43-A346-3B7B44FED148}.Debug|x64.Build.0 = Debug|Any CPU
		{61C94BE4-BA4A-4B43-A346-3B7B44FED148}.Debug|x86.ActiveCfg = Debug|Any CPU
		{61C94BE4-BA4A-4B43-A346-3B7B44FED148}.Debug|x86.Build.0 = Debug|Any CPU
		{61C94BE4-BA4A-4B43-A346-3B7B44FED148}.Release|Any CPU.ActiveCfg = Release|Any CPU
		{61C94BE4-BA4A-4B43-A346-3B7B44FED148}.Release|Any CPU.Build.0 = Release|Any CPU
		{61C94BE4-BA4A-4B43-A346-3B7B44FED148}.Release|x64.ActiveCfg = Release|Any CPU
		{61C94BE4-BA4A-4B43-A346-3B7B44FED148}.Release|x64.Build.0 = Release|Any CPU
		{61C94BE4-BA4A-4B43-A346-3B7B44FED148}.Release|x86.ActiveCfg = Release|Any CPU
		{61C94BE4-BA4A-4B43-A346-3B7B44FED148}.Release|x86.Build.0 = Release|Any CPU
		{E5CF60FE-2636-479A-B97E-8503FF287F0A}.Debug|Any CPU.ActiveCfg = Debug|Any CPU
		{E5CF60FE-2636-479A-B97E-8503FF287F0A}.Debug|Any CPU.Build.0 = Debug|Any CPU
		{E5CF60FE-2636-479A-B97E-8503FF287F0A}.Debug|x64.ActiveCfg = Debug|Any CPU
		{E5CF60FE-2636-479A-B97E-8503FF287F0A}.Debug|x64.Build.0 = Debug|Any CPU
		{E5CF60FE-2636-479A-B97E-8503FF287F0A}.Debug|x86.ActiveCfg = Debug|Any CPU
		{E5CF60FE-2636-479A-B97E-8503FF287F0A}.Debug|x86.Build.0 = Debug|Any CPU
		{E5CF60FE-2636-479A-B97E-8503FF287F0A}.Release|Any CPU.ActiveCfg = Release|Any CPU
		{E5CF60FE-2636-479A-B97E-8503FF287F0A}.Release|Any CPU.Build.0 = Release|Any CPU
		{E5CF60FE-2636-479A-B97E-8503FF287F0A}.Release|x64.ActiveCfg = Release|Any CPU
		{E5CF60FE-2636-479A-B97E-8503FF287F0A}.Release|x64.Build.0 = Release|Any CPU
		{E5CF60FE-2636-479A-B97E-8503FF287F0A}.Release|x86.ActiveCfg = Release|Any CPU
		{E5CF60FE-2636-479A-B97E-8503FF287F0A}.Release|x86.Build.0 = Release|Any CPU
	EndGlobalSection
	GlobalSection(SolutionProperties) = preSolution
		HideSolutionNode = FALSE
	EndGlobalSection
	GlobalSection(NestedProjects) = preSolution
		{AB08B9A8-5735-C00D-10FA-B1C840F3028B} = {827E0CD3-B72D-47B6-A68D-7590B98EB39B}
		{9D6B4729-680B-4D4B-BC28-1C3E4D5AAE86} = {AB08B9A8-5735-C00D-10FA-B1C840F3028B}
		{5BD20475-55AD-4112-9BE8-E3D67149A834} = {AB08B9A8-5735-C00D-10FA-B1C840F3028B}
		{11436B20-0455-4DB2-826C-77097E30935C} = {AB08B9A8-5735-C00D-10FA-B1C840F3028B}
		{39E33465-6F9E-44A9-B441-895D3817872D} = {AB08B9A8-5735-C00D-10FA-B1C840F3028B}
		{F8429904-7E2C-C2A1-B646-27B8C804A29C} = {827E0CD3-B72D-47B6-A68D-7590B98EB39B}
		{35CA927B-12E3-45D6-860A-354384B15E0B} = {F8429904-7E2C-C2A1-B646-27B8C804A29C}
		{1247DE58-8675-4888-8838-1DC13FDA1683} = {F8429904-7E2C-C2A1-B646-27B8C804A29C}
		{7DE654D5-2397-407F-8041-079F2ED091EF} = {827E0CD3-B72D-47B6-A68D-7590B98EB39B}
		{03FEB81B-2F8C-4FB7-AC16-041E18F74281} = {827E0CD3-B72D-47B6-A68D-7590B98EB39B}
		{8DE0A021-1B66-4171-8E22-9750CAF23D53} = {827E0CD3-B72D-47B6-A68D-7590B98EB39B}
		{8D3F99A9-5963-4D1E-BD51-0362F08AAA2F} = {827E0CD3-B72D-47B6-A68D-7590B98EB39B}
		{9FB8EA93-F08F-4460-A2D9-D2EDFB510740} = {02EA681E-C7D8-13C7-8484-4AC65E1B71E8}
		{9F1EC6BE-4E53-4825-8C9B-767F8655F9D9} = {02EA681E-C7D8-13C7-8484-4AC65E1B71E8}
		{02EA681E-C7D8-13C7-8484-4AC65E1B71E8} = {827E0CD3-B72D-47B6-A68D-7590B98EB39B}
		{61C94BE4-BA4A-4B43-A346-3B7B44FED148} = {F8429904-7E2C-C2A1-B646-27B8C804A29C}
		{56EB6703-3A04-4EE6-902A-26D621CB469F} = {F8429904-7E2C-C2A1-B646-27B8C804A29C}
		{E5CF60FE-2636-479A-B97E-8503FF287F0A} = {56EB6703-3A04-4EE6-902A-26D621CB469F}
	EndGlobalSection
	GlobalSection(ExtensibilityGlobals) = postSolution
		SolutionGuid = {14698409-0175-4F2F-BBE4-E4A3FAA8DE62}
	EndGlobalSection
EndGlobal
